
Microsoft Visual Studio Solution File, Format Version 12.00
# Visual Studio Version 17
VisualStudioVersion = 17.10.35013.160
MinimumVisualStudioVersion = 10.0.40219.1
Project("{FAE04EC0-301F-11D3-BF4B-00C04F79EFBC}") = "Media2", "Media2\Media2.csproj", "{92894497-C5AF-43C8-BEFE-2F176D2CC394}"
EndProject
Global
	GlobalSection(SolutionConfigurationPlatforms) = preSolution
		Debug|Any CPU = Debug|Any CPU
		Release|Any CPU = Release|Any CPU
	EndGlobalSection
	GlobalSection(ProjectConfigurationPlatforms) = postSolution
		{92894497-C5AF-43C8-BEFE-2F176D2CC394}.Debug|Any CPU.ActiveCfg = Debug|Any CPU
		{92894497-C5AF-43C8-BEFE-2F176D2CC394}.Debug|Any CPU.Build.0 = Debug|Any CPU
		{92894497-C5AF-43C8-BEFE-2F176D2CC394}.Release|Any CPU.ActiveCfg = Release|Any CPU
		{92894497-C5AF-43C8-BEFE-2F176D2CC394}.Release|Any CPU.Build.0 = Release|Any CPU
	EndGlobalSection
	GlobalSection(SolutionProperties) = preSolution
		HideSolutionNode = FALSE
	EndGlobalSection
	GlobalSection(ExtensibilityGlobals) = postSolution
		SolutionGuid = {5DCE0558-F367-4194-AB97-EAAC9A60AC26}
	EndGlobalSection
EndGlobal
