
Microsoft Visual Studio Solution File, Format Version 12.00
# Visual Studio Version 17
VisualStudioVersion = 17.10.35013.160
MinimumVisualStudioVersion = 10.0.40219.1
Project("{FAE04EC0-301F-11D3-BF4B-00C04F79EFBC}") = "WhileContador", "WhileContador\WhileContador.csproj", "{14859DDE-D43D-4E3C-AD56-F2DEF0E7248E}"
EndProject
Global
	GlobalSection(SolutionConfigurationPlatforms) = preSolution
		Debug|Any CPU = Debug|Any CPU
		Release|Any CPU = Release|Any CPU
	EndGlobalSection
	GlobalSection(ProjectConfigurationPlatforms) = postSolution
		{14859DDE-D43D-4E3C-AD56-F2DEF0E7248E}.Debug|Any CPU.ActiveCfg = Debug|Any CPU
		{14859DDE-D43D-4E3C-AD56-F2DEF0E7248E}.Debug|Any CPU.Build.0 = Debug|Any CPU
		{14859DDE-D43D-4E3C-AD56-F2DEF0E7248E}.Release|Any CPU.ActiveCfg = Release|Any CPU
		{14859DDE-D43D-4E3C-AD56-F2DEF0E7248E}.Release|Any CPU.Build.0 = Release|Any CPU
	EndGlobalSection
	GlobalSection(SolutionProperties) = preSolution
		HideSolutionNode = FALSE
	EndGlobalSection
	GlobalSection(ExtensibilityGlobals) = postSolution
		SolutionGuid = {5AB2C795-F39C-47BA-9E26-59E869B0198E}
	EndGlobalSection
EndGlobal
